
Microsoft Visual Studio Solution File, Format Version 12.00
# Visual Studio Version 17
VisualStudioVersion = 17.5.33530.505
MinimumVisualStudioVersion = 10.0.40219.1
Project("{9A19103F-16F7-4668-BE54-9A1E7A4F7556}") = "задание 1", "ConsoleApp1\задание 1.csproj", "{E5B03EA5-7CA4-407F-BFF5-6A8AA82540C0}"
EndProject
Global
	GlobalSection(SolutionConfigurationPlatforms) = preSolution
		Debug|Any CPU = Debug|Any CPU
		Release|Any CPU = Release|Any CPU
	EndGlobalSection
	GlobalSection(ProjectConfigurationPlatforms) = postSolution
		{E5B03EA5-7CA4-407F-BFF5-6A8AA82540C0}.Debug|Any CPU.ActiveCfg = Debug|Any CPU
		{E5B03EA5-7CA4-407F-BFF5-6A8AA82540C0}.Debug|Any CPU.Build.0 = Debug|Any CPU
		{E5B03EA5-7CA4-407F-BFF5-6A8AA82540C0}.Release|Any CPU.ActiveCfg = Release|Any CPU
		{E5B03EA5-7CA4-407F-BFF5-6A8AA82540C0}.Release|Any CPU.Build.0 = Release|Any CPU
	EndGlobalSection
	GlobalSection(SolutionProperties) = preSolution
		HideSolutionNode = FALSE
	EndGlobalSection
	GlobalSection(ExtensibilityGlobals) = postSolution
		SolutionGuid = {CC5D1B5D-D85B-4062-9F4C-53837571BF18}
	EndGlobalSection
EndGlobal
